// !$*UTF8*$!
{
	archiveVersion = 1;
	classes = {
	};
	objectVersion = 46;
	objects = {

/* Begin PBXBuildFile section */
		5D94180B197EE79000CCFFCB /* Foundation.framework in Frameworks */ = {isa = PBXBuildFile; fileRef = 7323B3AB171FC56B00E882C8 /* Foundation.framework */; };
		5D941818197EE79000CCFFCB /* XCTest.framework in Frameworks */ = {isa = PBXBuildFile; fileRef = 5D9417DF197EDFA200CCFFCB /* XCTest.framework */; };
		5D941819197EE79000CCFFCB /* Foundation.framework in Frameworks */ = {isa = PBXBuildFile; fileRef = 7323B3AB171FC56B00E882C8 /* Foundation.framework */; };
		5D94181A197EE79000CCFFCB /* UIKit.framework in Frameworks */ = {isa = PBXBuildFile; fileRef = 5D9417E2197EDFA200CCFFCB /* UIKit.framework */; };
		5D94181D197EE79000CCFFCB /* libHorizontalPickerView.a in Frameworks */ = {isa = PBXBuildFile; fileRef = 5D94180A197EE79000CCFFCB /* libHorizontalPickerView.a */; };
		5D941823197EE79000CCFFCB /* InfoPlist.strings in Resources */ = {isa = PBXBuildFile; fileRef = 5D941821197EE79000CCFFCB /* InfoPlist.strings */; };
		5D941825197EE79000CCFFCB /* HorizontalPickerViewTests.m in Sources */ = {isa = PBXBuildFile; fileRef = 5D941824197EE79000CCFFCB /* HorizontalPickerViewTests.m */; };
		5D94182C197EE7A600CCFFCB /* HPickerDefinitions.h in CopyFiles */ = {isa = PBXBuildFile; fileRef = 7323B3BB171FC6FE00E882C8 /* HPickerDefinitions.h */; };
		5D94182D197EE81A00CCFFCB /* HorizontalPickerView.h in CopyFiles */ = {isa = PBXBuildFile; fileRef = 735F7DB0172004BD00E563BF /* HorizontalPickerView.h */; };
		5D94182E197EE92B00CCFFCB /* HPCollectionVC.m in Sources */ = {isa = PBXBuildFile; fileRef = 733C615617ABE26E002B67B8 /* HPCollectionVC.m */; };
		5D94182F197EE92B00CCFFCB /* HPCollectionViewCell.m in Sources */ = {isa = PBXBuildFile; fileRef = 733C615917ABE293002B67B8 /* HPCollectionViewCell.m */; };
		5D941830197EE92B00CCFFCB /* HPCollectionViewFlowLayout.m in Sources */ = {isa = PBXBuildFile; fileRef = 73CB2CDA17B0B21C00DA1A93 /* HPCollectionViewFlowLayout.m */; };
		5D941831197EE92B00CCFFCB /* HorizontalPickerView.m in Sources */ = {isa = PBXBuildFile; fileRef = 735F7DB1172004BD00E563BF /* HorizontalPickerView.m */; };
/* End PBXBuildFile section */

/* Begin PBXContainerItemProxy section */
		5D94181B197EE79000CCFFCB /* PBXContainerItemProxy */ = {
			isa = PBXContainerItemProxy;
			containerPortal = 7323B3A0171FC56B00E882C8 /* Project object */;
			proxyType = 1;
			remoteGlobalIDString = 5D941809197EE79000CCFFCB;
			remoteInfo = HorizontalPickerView;
		};
/* End PBXContainerItemProxy section */

/* Begin PBXCopyFilesBuildPhase section */
		5D941808197EE79000CCFFCB /* CopyFiles */ = {
			isa = PBXCopyFilesBuildPhase;
			buildActionMask = 2147483647;
			dstPath = "$(PRODUCT_NAME)";
			dstSubfolderSpec = 16;
			files = (
				5D94182D197EE81A00CCFFCB /* HorizontalPickerView.h in CopyFiles */,
				5D94182C197EE7A600CCFFCB /* HPickerDefinitions.h in CopyFiles */,
			);
			runOnlyForDeploymentPostprocessing = 0;
		};
/* End PBXCopyFilesBuildPhase section */

/* Begin PBXFileReference section */
		42CA275319EF909F0026A347 /* HorizontalPickerView-Prefix.pch */ = {isa = PBXFileReference; fileEncoding = 4; lastKnownFileType = sourcecode.c.h; name = "HorizontalPickerView-Prefix.pch"; path = "HorizontalPickerView/HorizontalPickerView-Prefix.pch"; sourceTree = "<group>"; };
		5D9417DF197EDFA200CCFFCB /* XCTest.framework */ = {isa = PBXFileReference; lastKnownFileType = wrapper.framework; name = XCTest.framework; path = Library/Frameworks/XCTest.framework; sourceTree = DEVELOPER_DIR; };
		5D9417E2197EDFA200CCFFCB /* UIKit.framework */ = {isa = PBXFileReference; lastKnownFileType = wrapper.framework; name = UIKit.framework; path = Library/Frameworks/UIKit.framework; sourceTree = DEVELOPER_DIR; };
		5D94180A197EE79000CCFFCB /* libHorizontalPickerView.a */ = {isa = PBXFileReference; explicitFileType = archive.ar; includeInIndex = 0; path = libHorizontalPickerView.a; sourceTree = BUILT_PRODUCTS_DIR; };
		5D941817197EE79000CCFFCB /* HorizontalPickerViewTests.xctest */ = {isa = PBXFileReference; explicitFileType = wrapper.cfbundle; includeInIndex = 0; path = HorizontalPickerViewTests.xctest; sourceTree = BUILT_PRODUCTS_DIR; };
		5D941820197EE79000CCFFCB /* HorizontalPickerViewTests-Info.plist */ = {isa = PBXFileReference; lastKnownFileType = text.plist.xml; path = "HorizontalPickerViewTests-Info.plist"; sourceTree = "<group>"; };
		5D941822197EE79000CCFFCB /* en */ = {isa = PBXFileReference; lastKnownFileType = text.plist.strings; name = en; path = en.lproj/InfoPlist.strings; sourceTree = "<group>"; };
		5D941824197EE79000CCFFCB /* HorizontalPickerViewTests.m */ = {isa = PBXFileReference; lastKnownFileType = sourcecode.c.objc; path = HorizontalPickerViewTests.m; sourceTree = "<group>"; };
		7323B3AB171FC56B00E882C8 /* Foundation.framework */ = {isa = PBXFileReference; lastKnownFileType = wrapper.framework; name = Foundation.framework; path = System/Library/Frameworks/Foundation.framework; sourceTree = SDKROOT; };
		7323B3B9171FC5CA00E882C8 /* QuartzCore.framework */ = {isa = PBXFileReference; lastKnownFileType = wrapper.framework; name = QuartzCore.framework; path = System/Library/Frameworks/QuartzCore.framework; sourceTree = SDKROOT; };
		7323B3BB171FC6FE00E882C8 /* HPickerDefinitions.h */ = {isa = PBXFileReference; fileEncoding = 4; lastKnownFileType = sourcecode.c.h; name = HPickerDefinitions.h; path = HorizontalPickerView/HPickerDefinitions.h; sourceTree = "<group>"; };
		7323B3BF171FC71100E882C8 /* LICENSE.txt */ = {isa = PBXFileReference; fileEncoding = 4; lastKnownFileType = text; path = LICENSE.txt; sourceTree = "<group>"; };
		7323B3C0171FC71100E882C8 /* README.textile */ = {isa = PBXFileReference; fileEncoding = 4; lastKnownFileType = text; path = README.textile; sourceTree = "<group>"; };
		733C615517ABE26E002B67B8 /* HPCollectionVC.h */ = {isa = PBXFileReference; fileEncoding = 4; lastKnownFileType = sourcecode.c.h; name = HPCollectionVC.h; path = HorizontalPickerView/HPCollectionVC.h; sourceTree = "<group>"; };
		733C615617ABE26E002B67B8 /* HPCollectionVC.m */ = {isa = PBXFileReference; fileEncoding = 4; lastKnownFileType = sourcecode.c.objc; name = HPCollectionVC.m; path = HorizontalPickerView/HPCollectionVC.m; sourceTree = "<group>"; };
		733C615817ABE293002B67B8 /* HPCollectionViewCell.h */ = {isa = PBXFileReference; fileEncoding = 4; lastKnownFileType = sourcecode.c.h; name = HPCollectionViewCell.h; path = HorizontalPickerView/HPCollectionViewCell.h; sourceTree = "<group>"; };
		733C615917ABE293002B67B8 /* HPCollectionViewCell.m */ = {isa = PBXFileReference; fileEncoding = 4; lastKnownFileType = sourcecode.c.objc; name = HPCollectionViewCell.m; path = HorizontalPickerView/HPCollectionViewCell.m; sourceTree = "<group>"; };
		733D7E1C17AC23FE00D80A63 /* CoreFoundation.framework */ = {isa = PBXFileReference; lastKnownFileType = wrapper.framework; name = CoreFoundation.framework; path = System/Library/Frameworks/CoreFoundation.framework; sourceTree = SDKROOT; };
		735F7DB0172004BD00E563BF /* HorizontalPickerView.h */ = {isa = PBXFileReference; fileEncoding = 4; lastKnownFileType = sourcecode.c.h; name = HorizontalPickerView.h; path = HorizontalPickerView/HorizontalPickerView.h; sourceTree = "<group>"; };
		735F7DB1172004BD00E563BF /* HorizontalPickerView.m */ = {isa = PBXFileReference; fileEncoding = 4; lastKnownFileType = sourcecode.c.objc; name = HorizontalPickerView.m; path = HorizontalPickerView/HorizontalPickerView.m; sourceTree = "<group>"; };
		73CB2CD917B0B21C00DA1A93 /* HPCollectionViewFlowLayout.h */ = {isa = PBXFileReference; fileEncoding = 4; lastKnownFileType = sourcecode.c.h; name = HPCollectionViewFlowLayout.h; path = HorizontalPickerView/HPCollectionViewFlowLayout.h; sourceTree = "<group>"; };
		73CB2CDA17B0B21C00DA1A93 /* HPCollectionViewFlowLayout.m */ = {isa = PBXFileReference; fileEncoding = 4; lastKnownFileType = sourcecode.c.objc; name = HPCollectionViewFlowLayout.m; path = HorizontalPickerView/HPCollectionViewFlowLayout.m; sourceTree = "<group>"; };
		73CB2CDF17B0FA9000DA1A93 /* HorizontalPicker.podspec */ = {isa = PBXFileReference; fileEncoding = 4; lastKnownFileType = text; path = HorizontalPicker.podspec; sourceTree = "<group>"; };
/* End PBXFileReference section */

/* Begin PBXFrameworksBuildPhase section */
		5D941807197EE79000CCFFCB /* Frameworks */ = {
			isa = PBXFrameworksBuildPhase;
			buildActionMask = 2147483647;
			files = (
				5D94180B197EE79000CCFFCB /* Foundation.framework in Frameworks */,
			);
			runOnlyForDeploymentPostprocessing = 0;
		};
		5D941814197EE79000CCFFCB /* Frameworks */ = {
			isa = PBXFrameworksBuildPhase;
			buildActionMask = 2147483647;
			files = (
				5D941818197EE79000CCFFCB /* XCTest.framework in Frameworks */,
				5D94181A197EE79000CCFFCB /* UIKit.framework in Frameworks */,
				5D94181D197EE79000CCFFCB /* libHorizontalPickerView.a in Frameworks */,
				5D941819197EE79000CCFFCB /* Foundation.framework in Frameworks */,
			);
			runOnlyForDeploymentPostprocessing = 0;
		};
/* End PBXFrameworksBuildPhase section */

/* Begin PBXGroup section */
		42CA275019EF90630026A347 /* CollectionView */ = {
			isa = PBXGroup;
			children = (
				733C615517ABE26E002B67B8 /* HPCollectionVC.h */,
				733C615617ABE26E002B67B8 /* HPCollectionVC.m */,
				733C615817ABE293002B67B8 /* HPCollectionViewCell.h */,
				733C615917ABE293002B67B8 /* HPCollectionViewCell.m */,
				73CB2CD917B0B21C00DA1A93 /* HPCollectionViewFlowLayout.h */,
				73CB2CDA17B0B21C00DA1A93 /* HPCollectionViewFlowLayout.m */,
			);
			name = CollectionView;
			sourceTree = "<group>";
		};
		42CA275119EF907F0026A347 /* HorizontalPickerView */ = {
			isa = PBXGroup;
			children = (
				7323B3BB171FC6FE00E882C8 /* HPickerDefinitions.h */,
				735F7DB0172004BD00E563BF /* HorizontalPickerView.h */,
				735F7DB1172004BD00E563BF /* HorizontalPickerView.m */,
				42CA275019EF90630026A347 /* CollectionView */,
				42CA275219EF90900026A347 /* Supporting Files */,
			);
			name = HorizontalPickerView;
			sourceTree = "<group>";
		};
		42CA275219EF90900026A347 /* Supporting Files */ = {
			isa = PBXGroup;
			children = (
				42CA275319EF909F0026A347 /* HorizontalPickerView-Prefix.pch */,
			);
			name = "Supporting Files";
			sourceTree = "<group>";
		};
		5D94181E197EE79000CCFFCB /* HorizontalPickerViewTests */ = {
			isa = PBXGroup;
			children = (
				5D941824197EE79000CCFFCB /* HorizontalPickerViewTests.m */,
				5D94181F197EE79000CCFFCB /* Supporting Files */,
			);
			path = HorizontalPickerViewTests;
			sourceTree = "<group>";
		};
		5D94181F197EE79000CCFFCB /* Supporting Files */ = {
			isa = PBXGroup;
			children = (
				5D941820197EE79000CCFFCB /* HorizontalPickerViewTests-Info.plist */,
				5D941821197EE79000CCFFCB /* InfoPlist.strings */,
			);
			name = "Supporting Files";
			sourceTree = "<group>";
		};
		7323B39F171FC56B00E882C8 = {
			isa = PBXGroup;
			children = (
				73CB2CDF17B0FA9000DA1A93 /* HorizontalPicker.podspec */,
				7323B3BF171FC71100E882C8 /* LICENSE.txt */,
				7323B3C0171FC71100E882C8 /* README.textile */,
				42CA275119EF907F0026A347 /* HorizontalPickerView */,
				5D94181E197EE79000CCFFCB /* HorizontalPickerViewTests */,
				7323B3AA171FC56B00E882C8 /* Frameworks */,
				7323B3A9171FC56B00E882C8 /* Products */,
			);
			sourceTree = "<group>";
		};
		7323B3A9171FC56B00E882C8 /* Products */ = {
			isa = PBXGroup;
			children = (
				5D94180A197EE79000CCFFCB /* libHorizontalPickerView.a */,
				5D941817197EE79000CCFFCB /* HorizontalPickerViewTests.xctest */,
			);
			name = Products;
			sourceTree = "<group>";
		};
		7323B3AA171FC56B00E882C8 /* Frameworks */ = {
			isa = PBXGroup;
			children = (
				7323B3B9171FC5CA00E882C8 /* QuartzCore.framework */,
				7323B3AB171FC56B00E882C8 /* Foundation.framework */,
				733D7E1C17AC23FE00D80A63 /* CoreFoundation.framework */,
				5D9417DF197EDFA200CCFFCB /* XCTest.framework */,
				5D9417E2197EDFA200CCFFCB /* UIKit.framework */,
			);
			name = Frameworks;
			sourceTree = "<group>";
		};
/* End PBXGroup section */

/* Begin PBXNativeTarget section */
		5D941809197EE79000CCFFCB /* HorizontalPickerView */ = {
			isa = PBXNativeTarget;
			buildConfigurationList = 5D941826197EE79000CCFFCB /* Build configuration list for PBXNativeTarget "HorizontalPickerView" */;
			buildPhases = (
				5D941806197EE79000CCFFCB /* Sources */,
				5D941807197EE79000CCFFCB /* Frameworks */,
				5D941808197EE79000CCFFCB /* CopyFiles */,
			);
			buildRules = (
			);
			dependencies = (
			);
			name = HorizontalPickerView;
			productName = HorizontalPickerView;
			productReference = 5D94180A197EE79000CCFFCB /* libHorizontalPickerView.a */;
			productType = "com.apple.product-type.library.static";
		};
		5D941816197EE79000CCFFCB /* HorizontalPickerViewTests */ = {
			isa = PBXNativeTarget;
			buildConfigurationList = 5D941829197EE79000CCFFCB /* Build configuration list for PBXNativeTarget "HorizontalPickerViewTests" */;
			buildPhases = (
				5D941813197EE79000CCFFCB /* Sources */,
				5D941814197EE79000CCFFCB /* Frameworks */,
				5D941815197EE79000CCFFCB /* Resources */,
			);
			buildRules = (
			);
			dependencies = (
				5D94181C197EE79000CCFFCB /* PBXTargetDependency */,
			);
			name = HorizontalPickerViewTests;
			productName = HorizontalPickerViewTests;
			productReference = 5D941817197EE79000CCFFCB /* HorizontalPickerViewTests.xctest */;
			productType = "com.apple.product-type.bundle.unit-test";
		};
/* End PBXNativeTarget section */

/* Begin PBXProject section */
		7323B3A0171FC56B00E882C8 /* Project object */ = {
			isa = PBXProject;
			attributes = {
				CLASSPREFIX = HP;
				LastUpgradeCheck = 0510;
				ORGANIZATIONNAME = "RABE_IT Services";
			};
			buildConfigurationList = 7323B3A3171FC56B00E882C8 /* Build configuration list for PBXProject "HorizontalPickerView" */;
			compatibilityVersion = "Xcode 3.2";
			developmentRegion = English;
			hasScannedForEncodings = 0;
			knownRegions = (
				en,
			);
			mainGroup = 7323B39F171FC56B00E882C8;
			productRefGroup = 7323B3A9171FC56B00E882C8 /* Products */;
			projectDirPath = "";
			projectRoot = "";
			targets = (
				5D941809197EE79000CCFFCB /* HorizontalPickerView */,
				5D941816197EE79000CCFFCB /* HorizontalPickerViewTests */,
			);
		};
/* End PBXProject section */

/* Begin PBXResourcesBuildPhase section */
		5D941815197EE79000CCFFCB /* Resources */ = {
			isa = PBXResourcesBuildPhase;
			buildActionMask = 2147483647;
			files = (
				5D941823197EE79000CCFFCB /* InfoPlist.strings in Resources */,
			);
			runOnlyForDeploymentPostprocessing = 0;
		};
/* End PBXResourcesBuildPhase section */

/* Begin PBXSourcesBuildPhase section */
		5D941806197EE79000CCFFCB /* Sources */ = {
			isa = PBXSourcesBuildPhase;
			buildActionMask = 2147483647;
			files = (
				5D94182E197EE92B00CCFFCB /* HPCollectionVC.m in Sources */,
				5D94182F197EE92B00CCFFCB /* HPCollectionViewCell.m in Sources */,
				5D941830197EE92B00CCFFCB /* HPCollectionViewFlowLayout.m in Sources */,
				5D941831197EE92B00CCFFCB /* HorizontalPickerView.m in Sources */,
			);
			runOnlyForDeploymentPostprocessing = 0;
		};
		5D941813197EE79000CCFFCB /* Sources */ = {
			isa = PBXSourcesBuildPhase;
			buildActionMask = 2147483647;
			files = (
				5D941825197EE79000CCFFCB /* HorizontalPickerViewTests.m in Sources */,
			);
			runOnlyForDeploymentPostprocessing = 0;
		};
/* End PBXSourcesBuildPhase section */

/* Begin PBXTargetDependency section */
		5D94181C197EE79000CCFFCB /* PBXTargetDependency */ = {
			isa = PBXTargetDependency;
			target = 5D941809197EE79000CCFFCB /* HorizontalPickerView */;
			targetProxy = 5D94181B197EE79000CCFFCB /* PBXContainerItemProxy */;
		};
/* End PBXTargetDependency section */

/* Begin PBXVariantGroup section */
		5D941821197EE79000CCFFCB /* InfoPlist.strings */ = {
			isa = PBXVariantGroup;
			children = (
				5D941822197EE79000CCFFCB /* en */,
			);
			name = InfoPlist.strings;
			sourceTree = "<group>";
		};
/* End PBXVariantGroup section */

/* Begin XCBuildConfiguration section */
		5D941827197EE79000CCFFCB /* Debug */ = {
			isa = XCBuildConfiguration;
			buildSettings = {
				CLANG_WARN_BOOL_CONVERSION = YES;
				CLANG_WARN_DIRECT_OBJC_ISA_USAGE = YES_ERROR;
				CLANG_WARN_OBJC_ROOT_CLASS = YES_ERROR;
				DSTROOT = /tmp/HorizontalPickerView.dst;
				GCC_PRECOMPILE_PREFIX_HEADER = YES;
				GCC_PREFIX_HEADER = "HorizontalPickerView/HorizontalPickerView-Prefix.pch";
				GCC_PREPROCESSOR_DEFINITIONS = "$(inherited)";
				GCC_WARN_64_TO_32_BIT_CONVERSION = YES;
				GCC_WARN_ABOUT_RETURN_TYPE = YES_ERROR;
				GCC_WARN_UNDECLARED_SELECTOR = YES;
				GCC_WARN_UNINITIALIZED_AUTOS = YES_AGGRESSIVE;
				GCC_WARN_UNUSED_FUNCTION = YES;
				IPHONEOS_DEPLOYMENT_TARGET = 7.1;
				OTHER_LDFLAGS = "-ObjC";
				PRODUCT_NAME = "$(TARGET_NAME)";
				SKIP_INSTALL = YES;
			};
			name = Debug;
		};
		5D941828197EE79000CCFFCB /* Release */ = {
			isa = XCBuildConfiguration;
			buildSettings = {
				CLANG_WARN_BOOL_CONVERSION = YES;
				CLANG_WARN_DIRECT_OBJC_ISA_USAGE = YES_ERROR;
				CLANG_WARN_OBJC_ROOT_CLASS = YES_ERROR;
				DSTROOT = /tmp/HorizontalPickerView.dst;
				ENABLE_NS_ASSERTIONS = NO;
				GCC_PRECOMPILE_PREFIX_HEADER = YES;
				GCC_PREFIX_HEADER = "HorizontalPickerView/HorizontalPickerView-Prefix.pch";
				GCC_WARN_64_TO_32_BIT_CONVERSION = YES;
				GCC_WARN_ABOUT_RETURN_TYPE = YES_ERROR;
				GCC_WARN_UNDECLARED_SELECTOR = YES;
				GCC_WARN_UNINITIALIZED_AUTOS = YES_AGGRESSIVE;
				GCC_WARN_UNUSED_FUNCTION = YES;
				IPHONEOS_DEPLOYMENT_TARGET = 7.1;
				OTHER_LDFLAGS = "-ObjC";
				PRODUCT_NAME = "$(TARGET_NAME)";
				SKIP_INSTALL = YES;
			};
			name = Release;
		};
		5D94182A197EE79000CCFFCB /* Debug */ = {
			isa = XCBuildConfiguration;
			buildSettings = {
				CLANG_WARN_BOOL_CONVERSION = YES;
				CLANG_WARN_DIRECT_OBJC_ISA_USAGE = YES_ERROR;
				CLANG_WARN_OBJC_ROOT_CLASS = YES_ERROR;
				FRAMEWORK_SEARCH_PATHS = (
					"$(SDKROOT)/Developer/Library/Frameworks",
					"$(inherited)",
					"$(DEVELOPER_FRAMEWORKS_DIR)",
				);
				GCC_PRECOMPILE_PREFIX_HEADER = YES;
				GCC_PREFIX_HEADER = "HorizontalPickerView/HorizontalPickerView-Prefix.pch";
				GCC_PREPROCESSOR_DEFINITIONS = (
					"DEBUG=1",
					"$(inherited)",
				);
				GCC_WARN_64_TO_32_BIT_CONVERSION = YES;
				GCC_WARN_ABOUT_RETURN_TYPE = YES_ERROR;
				GCC_WARN_UNDECLARED_SELECTOR = YES;
				GCC_WARN_UNINITIALIZED_AUTOS = YES_AGGRESSIVE;
				GCC_WARN_UNUSED_FUNCTION = YES;
				INFOPLIST_FILE = "HorizontalPickerViewTests/HorizontalPickerViewTests-Info.plist";
				IPHONEOS_DEPLOYMENT_TARGET = 7.1;
				PRODUCT_NAME = "$(TARGET_NAME)";
				WRAPPER_EXTENSION = xctest;
			};
			name = Debug;
		};
		5D94182B197EE79000CCFFCB /* Release */ = {
			isa = XCBuildConfiguration;
			buildSettings = {
				CLANG_WARN_BOOL_CONVERSION = YES;
				CLANG_WARN_DIRECT_OBJC_ISA_USAGE = YES_ERROR;
				CLANG_WARN_OBJC_ROOT_CLASS = YES_ERROR;
				ENABLE_NS_ASSERTIONS = NO;
				FRAMEWORK_SEARCH_PATHS = (
					"$(SDKROOT)/Developer/Library/Frameworks",
					"$(inherited)",
					"$(DEVELOPER_FRAMEWORKS_DIR)",
				);
				GCC_PRECOMPILE_PREFIX_HEADER = YES;
				GCC_PREFIX_HEADER = "HorizontalPickerView/HorizontalPickerView-Prefix.pch";
				GCC_WARN_64_TO_32_BIT_CONVERSION = YES;
				GCC_WARN_ABOUT_RETURN_TYPE = YES_ERROR;
				GCC_WARN_UNDECLARED_SELECTOR = YES;
				GCC_WARN_UNINITIALIZED_AUTOS = YES_AGGRESSIVE;
				GCC_WARN_UNUSED_FUNCTION = YES;
				INFOPLIST_FILE = "HorizontalPickerViewTests/HorizontalPickerViewTests-Info.plist";
				IPHONEOS_DEPLOYMENT_TARGET = 7.1;
				PRODUCT_NAME = "$(TARGET_NAME)";
				WRAPPER_EXTENSION = xctest;
			};
			name = Release;
		};
		7323B3B4171FC56B00E882C8 /* Debug */ = {
			isa = XCBuildConfiguration;
			buildSettings = {
				ALWAYS_SEARCH_USER_PATHS = NO;
				CLANG_CXX_LANGUAGE_STANDARD = "gnu++0x";
				CLANG_CXX_LIBRARY = "libc++";
				CLANG_ENABLE_MODULES = YES;
				CLANG_ENABLE_OBJC_ARC = YES;
				CLANG_WARN_CONSTANT_CONVERSION = YES;
				CLANG_WARN_EMPTY_BODY = YES;
				CLANG_WARN_ENUM_CONVERSION = YES;
				CLANG_WARN_INT_CONVERSION = YES;
				CLANG_WARN__DUPLICATE_METHOD_MATCH = YES;
				COPY_PHASE_STRIP = NO;
				GCC_C_LANGUAGE_STANDARD = gnu99;
				GCC_DYNAMIC_NO_PIC = NO;
				GCC_OPTIMIZATION_LEVEL = 0;
				GCC_PREPROCESSOR_DEFINITIONS = (
					"DEBUG=1",
					"$(inherited)",
				);
				GCC_SYMBOLS_PRIVATE_EXTERN = NO;
				GCC_WARN_ABOUT_RETURN_TYPE = YES;
				GCC_WARN_UNINITIALIZED_AUTOS = YES;
				GCC_WARN_UNUSED_VARIABLE = YES;
				IPHONEOS_DEPLOYMENT_TARGET = 6.1;
				ONLY_ACTIVE_ARCH = YES;
				SDKROOT = iphoneos;
			};
			name = Debug;
		};
		7323B3B5171FC56B00E882C8 /* Release */ = {
			isa = XCBuildConfiguration;
			buildSettings = {
				ALWAYS_SEARCH_USER_PATHS = NO;
				CLANG_CXX_LANGUAGE_STANDARD = "gnu++0x";
				CLANG_CXX_LIBRARY = "libc++";
				CLANG_ENABLE_MODULES = YES;
				CLANG_ENABLE_OBJC_ARC = YES;
				CLANG_WARN_CONSTANT_CONVERSION = YES;
				CLANG_WARN_EMPTY_BODY = YES;
				CLANG_WARN_ENUM_CONVERSION = YES;
				CLANG_WARN_INT_CONVERSION = YES;
				CLANG_WARN__DUPLICATE_METHOD_MATCH = YES;
				COPY_PHASE_STRIP = YES;
				GCC_C_LANGUAGE_STANDARD = gnu99;
				GCC_WARN_ABOUT_RETURN_TYPE = YES;
				GCC_WARN_UNINITIALIZED_AUTOS = YES;
				GCC_WARN_UNUSED_VARIABLE = YES;
				IPHONEOS_DEPLOYMENT_TARGET = 6.1;
				SDKROOT = iphoneos;
				VALIDATE_PRODUCT = YES;
			};
			name = Release;
		};
/* End XCBuildConfiguration section */

/* Begin XCConfigurationList section */
		5D941826197EE79000CCFFCB /* Build configuration list for PBXNativeTarget "HorizontalPickerView" */ = {
			isa = XCConfigurationList;
			buildConfigurations = (
				5D941827197EE79000CCFFCB /* Debug */,
				5D941828197EE79000CCFFCB /* Release */,
			);
			defaultConfigurationIsVisible = 0;
			defaultConfigurationName = Release;
		};
		5D941829197EE79000CCFFCB /* Build configuration list for PBXNativeTarget "HorizontalPickerViewTests" */ = {
			isa = XCConfigurationList;
			buildConfigurations = (
				5D94182A197EE79000CCFFCB /* Debug */,
				5D94182B197EE79000CCFFCB /* Release */,
			);
			defaultConfigurationIsVisible = 0;
			defaultConfigurationName = Release;
		};
		7323B3A3171FC56B00E882C8 /* Build configuration list for PBXProject "HorizontalPickerView" */ = {
			isa = XCConfigurationList;
			buildConfigurations = (
				7323B3B4171FC56B00E882C8 /* Debug */,
				7323B3B5171FC56B00E882C8 /* Release */,
			);
			defaultConfigurationIsVisible = 0;
			defaultConfigurationName = Release;
		};
/* End XCConfigurationList section */
	};
	rootObject = 7323B3A0171FC56B00E882C8 /* Project object */;
}
